
Microsoft Visual Studio Solution File, Format Version 12.00
# Visual Studio Version 17
VisualStudioVersion = 17.8.34525.116
MinimumVisualStudioVersion = 10.0.40219.1
Project("{FAE04EC0-301F-11D3-BF4B-00C04F79EFBC}") = "DancingProgressBars", "DancingProgressBars\DancingProgressBars.csproj", "{A1FCCA1B-F069-4770-BED3-6B6F75EECEA7}"
EndProject
Global
	GlobalSection(SolutionConfigurationPlatforms) = preSolution
		Debug|Any CPU = Debug|Any CPU
		Release|Any CPU = Release|Any CPU
	EndGlobalSection
	GlobalSection(ProjectConfigurationPlatforms) = postSolution
		{A1FCCA1B-F069-4770-BED3-6B6F75EECEA7}.Debug|Any CPU.ActiveCfg = Debug|Any CPU
		{A1FCCA1B-F069-4770-BED3-6B6F75EECEA7}.Debug|Any CPU.Build.0 = Debug|Any CPU
		{A1FCCA1B-F069-4770-BED3-6B6F75EECEA7}.Release|Any CPU.ActiveCfg = Release|Any CPU
		{A1FCCA1B-F069-4770-BED3-6B6F75EECEA7}.Release|Any CPU.Build.0 = Release|Any CPU
	EndGlobalSection
	GlobalSection(SolutionProperties) = preSolution
		HideSolutionNode = FALSE
	EndGlobalSection
	GlobalSection(ExtensibilityGlobals) = postSolution
		SolutionGuid = {3EB8C1C0-41D3-4865-8F74-3C6685668686}
	EndGlobalSection
EndGlobal
